// !$*UTF8*$!
{
	archiveVersion = 1;
	classes = {
	};
	objectVersion = 55;
	objects = {

/* Begin PBXBuildFile section */
		41A1A5B8297E9FBE004198AF /* AppDelegate.swift in Sources */ = {isa = PBXBuildFile; fileRef = 41A1A5B7297E9FBE004198AF /* AppDelegate.swift */; };
		41A1A5BA297E9FBE004198AF /* SceneDelegate.swift in Sources */ = {isa = PBXBuildFile; fileRef = 41A1A5B9297E9FBE004198AF /* SceneDelegate.swift */; };
		41A1A5BC297E9FBE004198AF /* ViewController.swift in Sources */ = {isa = PBXBuildFile; fileRef = 41A1A5BB297E9FBE004198AF /* ViewController.swift */; };
		41A1A5BF297E9FBE004198AF /* Main.storyboard in Resources */ = {isa = PBXBuildFile; fileRef = 41A1A5BD297E9FBE004198AF /* Main.storyboard */; };
		41A1A5C2297E9FBE004198AF /* Nasa_APOD.xcdatamodeld in Sources */ = {isa = PBXBuildFile; fileRef = 41A1A5C0297E9FBE004198AF /* Nasa_APOD.xcdatamodeld */; };
		41A1A5C4297E9FBF004198AF /* Assets.xcassets in Resources */ = {isa = PBXBuildFile; fileRef = 41A1A5C3297E9FBF004198AF /* Assets.xcassets */; };
		41A1A5C7297E9FBF004198AF /* LaunchScreen.storyboard in Resources */ = {isa = PBXBuildFile; fileRef = 41A1A5C5297E9FBF004198AF /* LaunchScreen.storyboard */; };
		41A1A5D2297E9FBF004198AF /* Nasa_APODTests.swift in Sources */ = {isa = PBXBuildFile; fileRef = 41A1A5D1297E9FBF004198AF /* Nasa_APODTests.swift */; };
		41A1A5DC297E9FBF004198AF /* Nasa_APODUITests.swift in Sources */ = {isa = PBXBuildFile; fileRef = 41A1A5DB297E9FBF004198AF /* Nasa_APODUITests.swift */; };
		41A1A5DE297E9FBF004198AF /* Nasa_APODUITestsLaunchTests.swift in Sources */ = {isa = PBXBuildFile; fileRef = 41A1A5DD297E9FBF004198AF /* Nasa_APODUITestsLaunchTests.swift */; };
		41A1A5EB297EA489004198AF /* FavouriteViewController.swift in Sources */ = {isa = PBXBuildFile; fileRef = 41A1A5EA297EA489004198AF /* FavouriteViewController.swift */; };
		41CF3CBE29802CE500BB4E6F /* DiaplayFavouriteViewController.swift in Sources */ = {isa = PBXBuildFile; fileRef = 41CF3CBD29802CE500BB4E6F /* DiaplayFavouriteViewController.swift */; };
/* End PBXBuildFile section */

/* Begin PBXContainerItemProxy section */
		41A1A5CE297E9FBF004198AF /* PBXContainerItemProxy */ = {
			isa = PBXContainerItemProxy;
			containerPortal = 41A1A5AC297E9FBE004198AF /* Project object */;
			proxyType = 1;
			remoteGlobalIDString = 41A1A5B3297E9FBE004198AF;
			remoteInfo = "Nasa-APOD";
		};
		41A1A5D8297E9FBF004198AF /* PBXContainerItemProxy */ = {
			isa = PBXContainerItemProxy;
			containerPortal = 41A1A5AC297E9FBE004198AF /* Project object */;
			proxyType = 1;
			remoteGlobalIDString = 41A1A5B3297E9FBE004198AF;
			remoteInfo = "Nasa-APOD";
		};
/* End PBXContainerItemProxy section */

/* Begin PBXFileReference section */
		41A1A5B4297E9FBE004198AF /* Nasa-APOD.app */ = {isa = PBXFileReference; explicitFileType = wrapper.application; includeInIndex = 0; path = "Nasa-APOD.app"; sourceTree = BUILT_PRODUCTS_DIR; };
		41A1A5B7297E9FBE004198AF /* AppDelegate.swift */ = {isa = PBXFileReference; lastKnownFileType = sourcecode.swift; path = AppDelegate.swift; sourceTree = "<group>"; };
		41A1A5B9297E9FBE004198AF /* SceneDelegate.swift */ = {isa = PBXFileReference; lastKnownFileType = sourcecode.swift; path = SceneDelegate.swift; sourceTree = "<group>"; };
		41A1A5BB297E9FBE004198AF /* ViewController.swift */ = {isa = PBXFileReference; lastKnownFileType = sourcecode.swift; path = ViewController.swift; sourceTree = "<group>"; };
		41A1A5BE297E9FBE004198AF /* Base */ = {isa = PBXFileReference; lastKnownFileType = file.storyboard; name = Base; path = Base.lproj/Main.storyboard; sourceTree = "<group>"; };
		41A1A5C1297E9FBE004198AF /* Nasa_APOD.xcdatamodel */ = {isa = PBXFileReference; lastKnownFileType = wrapper.xcdatamodel; path = Nasa_APOD.xcdatamodel; sourceTree = "<group>"; };
		41A1A5C3297E9FBF004198AF /* Assets.xcassets */ = {isa = PBXFileReference; lastKnownFileType = folder.assetcatalog; path = Assets.xcassets; sourceTree = "<group>"; };
		41A1A5C6297E9FBF004198AF /* Base */ = {isa = PBXFileReference; lastKnownFileType = file.storyboard; name = Base; path = Base.lproj/LaunchScreen.storyboard; sourceTree = "<group>"; };
		41A1A5C8297E9FBF004198AF /* Info.plist */ = {isa = PBXFileReference; lastKnownFileType = text.plist.xml; path = Info.plist; sourceTree = "<group>"; };
		41A1A5CD297E9FBF004198AF /* Nasa-APODTests.xctest */ = {isa = PBXFileReference; explicitFileType = wrapper.cfbundle; includeInIndex = 0; path = "Nasa-APODTests.xctest"; sourceTree = BUILT_PRODUCTS_DIR; };
		41A1A5D1297E9FBF004198AF /* Nasa_APODTests.swift */ = {isa = PBXFileReference; lastKnownFileType = sourcecode.swift; path = Nasa_APODTests.swift; sourceTree = "<group>"; };
		41A1A5D7297E9FBF004198AF /* Nasa-APODUITests.xctest */ = {isa = PBXFileReference; explicitFileType = wrapper.cfbundle; includeInIndex = 0; path = "Nasa-APODUITests.xctest"; sourceTree = BUILT_PRODUCTS_DIR; };
		41A1A5DB297E9FBF004198AF /* Nasa_APODUITests.swift */ = {isa = PBXFileReference; lastKnownFileType = sourcecode.swift; path = Nasa_APODUITests.swift; sourceTree = "<group>"; };
		41A1A5DD297E9FBF004198AF /* Nasa_APODUITestsLaunchTests.swift */ = {isa = PBXFileReference; lastKnownFileType = sourcecode.swift; path = Nasa_APODUITestsLaunchTests.swift; sourceTree = "<group>"; };
		41A1A5EA297EA489004198AF /* FavouriteViewController.swift */ = {isa = PBXFileReference; lastKnownFileType = sourcecode.swift; path = FavouriteViewController.swift; sourceTree = "<group>"; };
		41CF3CBD29802CE500BB4E6F /* DiaplayFavouriteViewController.swift */ = {isa = PBXFileReference; lastKnownFileType = sourcecode.swift; path = DiaplayFavouriteViewController.swift; sourceTree = "<group>"; };
/* End PBXFileReference section */

/* Begin PBXFrameworksBuildPhase section */
		41A1A5B1297E9FBE004198AF /* Frameworks */ = {
			isa = PBXFrameworksBuildPhase;
			buildActionMask = 2147483647;
			files = (
			);
			runOnlyForDeploymentPostprocessing = 0;
		};
		41A1A5CA297E9FBF004198AF /* Frameworks */ = {
			isa = PBXFrameworksBuildPhase;
			buildActionMask = 2147483647;
			files = (
			);
			runOnlyForDeploymentPostprocessing = 0;
		};
		41A1A5D4297E9FBF004198AF /* Frameworks */ = {
			isa = PBXFrameworksBuildPhase;
			buildActionMask = 2147483647;
			files = (
			);
			runOnlyForDeploymentPostprocessing = 0;
		};
/* End PBXFrameworksBuildPhase section */

/* Begin PBXGroup section */
		41A1A5AB297E9FBE004198AF = {
			isa = PBXGroup;
			children = (
				41A1A5B6297E9FBE004198AF /* Nasa-APOD */,
				41A1A5D0297E9FBF004198AF /* Nasa-APODTests */,
				41A1A5DA297E9FBF004198AF /* Nasa-APODUITests */,
				41A1A5B5297E9FBE004198AF /* Products */,
			);
			sourceTree = "<group>";
		};
		41A1A5B5297E9FBE004198AF /* Products */ = {
			isa = PBXGroup;
			children = (
				41A1A5B4297E9FBE004198AF /* Nasa-APOD.app */,
				41A1A5CD297E9FBF004198AF /* Nasa-APODTests.xctest */,
				41A1A5D7297E9FBF004198AF /* Nasa-APODUITests.xctest */,
			);
			name = Products;
			sourceTree = "<group>";
		};
		41A1A5B6297E9FBE004198AF /* Nasa-APOD */ = {
			isa = PBXGroup;
			children = (
				41A1A5B7297E9FBE004198AF /* AppDelegate.swift */,
				41A1A5B9297E9FBE004198AF /* SceneDelegate.swift */,
				41A1A5BB297E9FBE004198AF /* ViewController.swift */,
				41A1A5BD297E9FBE004198AF /* Main.storyboard */,
				41A1A5EA297EA489004198AF /* FavouriteViewController.swift */,
				41A1A5C3297E9FBF004198AF /* Assets.xcassets */,
				41A1A5C5297E9FBF004198AF /* LaunchScreen.storyboard */,
				41A1A5C8297E9FBF004198AF /* Info.plist */,
				41A1A5C0297E9FBE004198AF /* Nasa_APOD.xcdatamodeld */,
				41CF3CBD29802CE500BB4E6F /* DiaplayFavouriteViewController.swift */,
			);
			path = "Nasa-APOD";
			sourceTree = "<group>";
		};
		41A1A5D0297E9FBF004198AF /* Nasa-APODTests */ = {
			isa = PBXGroup;
			children = (
				41A1A5D1297E9FBF004198AF /* Nasa_APODTests.swift */,
			);
			path = "Nasa-APODTests";
			sourceTree = "<group>";
		};
		41A1A5DA297E9FBF004198AF /* Nasa-APODUITests */ = {
			isa = PBXGroup;
			children = (
				41A1A5DB297E9FBF004198AF /* Nasa_APODUITests.swift */,
				41A1A5DD297E9FBF004198AF /* Nasa_APODUITestsLaunchTests.swift */,
			);
			path = "Nasa-APODUITests";
			sourceTree = "<group>";
		};
/* End PBXGroup section */

/* Begin PBXNativeTarget section */
		41A1A5B3297E9FBE004198AF /* Nasa-APOD */ = {
			isa = PBXNativeTarget;
			buildConfigurationList = 41A1A5E1297E9FBF004198AF /* Build configuration list for PBXNativeTarget "Nasa-APOD" */;
			buildPhases = (
				41A1A5B0297E9FBE004198AF /* Sources */,
				41A1A5B1297E9FBE004198AF /* Frameworks */,
				41A1A5B2297E9FBE004198AF /* Resources */,
			);
			buildRules = (
			);
			dependencies = (
			);
			name = "Nasa-APOD";
			productName = "Nasa-APOD";
			productReference = 41A1A5B4297E9FBE004198AF /* Nasa-APOD.app */;
			productType = "com.apple.product-type.application";
		};
		41A1A5CC297E9FBF004198AF /* Nasa-APODTests */ = {
			isa = PBXNativeTarget;
			buildConfigurationList = 41A1A5E4297E9FBF004198AF /* Build configuration list for PBXNativeTarget "Nasa-APODTests" */;
			buildPhases = (
				41A1A5C9297E9FBF004198AF /* Sources */,
				41A1A5CA297E9FBF004198AF /* Frameworks */,
				41A1A5CB297E9FBF004198AF /* Resources */,
			);
			buildRules = (
			);
			dependencies = (
				41A1A5CF297E9FBF004198AF /* PBXTargetDependency */,
			);
			name = "Nasa-APODTests";
			productName = "Nasa-APODTests";
			productReference = 41A1A5CD297E9FBF004198AF /* Nasa-APODTests.xctest */;
			productType = "com.apple.product-type.bundle.unit-test";
		};
		41A1A5D6297E9FBF004198AF /* Nasa-APODUITests */ = {
			isa = PBXNativeTarget;
			buildConfigurationList = 41A1A5E7297E9FBF004198AF /* Build configuration list for PBXNativeTarget "Nasa-APODUITests" */;
			buildPhases = (
				41A1A5D3297E9FBF004198AF /* Sources */,
				41A1A5D4297E9FBF004198AF /* Frameworks */,
				41A1A5D5297E9FBF004198AF /* Resources */,
			);
			buildRules = (
			);
			dependencies = (
				41A1A5D9297E9FBF004198AF /* PBXTargetDependency */,
			);
			name = "Nasa-APODUITests";
			productName = "Nasa-APODUITests";
			productReference = 41A1A5D7297E9FBF004198AF /* Nasa-APODUITests.xctest */;
			productType = "com.apple.product-type.bundle.ui-testing";
		};
/* End PBXNativeTarget section */

/* Begin PBXProject section */
		41A1A5AC297E9FBE004198AF /* Project object */ = {
			isa = PBXProject;
			attributes = {
				LastSwiftUpdateCheck = 1420;
				LastUpgradeCheck = 1420;
				TargetAttributes = {
					41A1A5B3297E9FBE004198AF = {
						CreatedOnToolsVersion = 14.2;
					};
					41A1A5CC297E9FBF004198AF = {
						CreatedOnToolsVersion = 14.2;
						TestTargetID = 41A1A5B3297E9FBE004198AF;
					};
					41A1A5D6297E9FBF004198AF = {
						CreatedOnToolsVersion = 14.2;
						TestTargetID = 41A1A5B3297E9FBE004198AF;
					};
				};
			};
			buildConfigurationList = 41A1A5AF297E9FBE004198AF /* Build configuration list for PBXProject "Nasa-APOD" */;
			compatibilityVersion = "Xcode 13.0";
			developmentRegion = en;
			hasScannedForEncodings = 0;
			knownRegions = (
				en,
				Base,
			);
			mainGroup = 41A1A5AB297E9FBE004198AF;
			productRefGroup = 41A1A5B5297E9FBE004198AF /* Products */;
			projectDirPath = "";
			projectRoot = "";
			targets = (
				41A1A5B3297E9FBE004198AF /* Nasa-APOD */,
				41A1A5CC297E9FBF004198AF /* Nasa-APODTests */,
				41A1A5D6297E9FBF004198AF /* Nasa-APODUITests */,
			);
		};
/* End PBXProject section */

/* Begin PBXResourcesBuildPhase section */
		41A1A5B2297E9FBE004198AF /* Resources */ = {
			isa = PBXResourcesBuildPhase;
			buildActionMask = 2147483647;
			files = (
				41A1A5C7297E9FBF004198AF /* LaunchScreen.storyboard in Resources */,
				41A1A5C4297E9FBF004198AF /* Assets.xcassets in Resources */,
				41A1A5BF297E9FBE004198AF /* Main.storyboard in Resources */,
			);
			runOnlyForDeploymentPostprocessing = 0;
		};
		41A1A5CB297E9FBF004198AF /* Resources */ = {
			isa = PBXResourcesBuildPhase;
			buildActionMask = 2147483647;
			files = (
			);
			runOnlyForDeploymentPostprocessing = 0;
		};
		41A1A5D5297E9FBF004198AF /* Resources */ = {
			isa = PBXResourcesBuildPhase;
			buildActionMask = 2147483647;
			files = (
			);
			runOnlyForDeploymentPostprocessing = 0;
		};
/* End PBXResourcesBuildPhase section */

/* Begin PBXSourcesBuildPhase section */
		41A1A5B0297E9FBE004198AF /* Sources */ = {
			isa = PBXSourcesBuildPhase;
			buildActionMask = 2147483647;
			files = (
				41A1A5C2297E9FBE004198AF /* Nasa_APOD.xcdatamodeld in Sources */,
				41CF3CBE29802CE500BB4E6F /* DiaplayFavouriteViewController.swift in Sources */,
				41A1A5BC297E9FBE004198AF /* ViewController.swift in Sources */,
				41A1A5B8297E9FBE004198AF /* AppDelegate.swift in Sources */,
				41A1A5EB297EA489004198AF /* FavouriteViewController.swift in Sources */,
				41A1A5BA297E9FBE004198AF /* SceneDelegate.swift in Sources */,
			);
			runOnlyForDeploymentPostprocessing = 0;
		};
		41A1A5C9297E9FBF004198AF /* Sources */ = {
			isa = PBXSourcesBuildPhase;
			buildActionMask = 2147483647;
			files = (
				41A1A5D2297E9FBF004198AF /* Nasa_APODTests.swift in Sources */,
			);
			runOnlyForDeploymentPostprocessing = 0;
		};
		41A1A5D3297E9FBF004198AF /* Sources */ = {
			isa = PBXSourcesBuildPhase;
			buildActionMask = 2147483647;
			files = (
				41A1A5DC297E9FBF004198AF /* Nasa_APODUITests.swift in Sources */,
				41A1A5DE297E9FBF004198AF /* Nasa_APODUITestsLaunchTests.swift in Sources */,
			);
			runOnlyForDeploymentPostprocessing = 0;
		};
/* End PBXSourcesBuildPhase section */

/* Begin PBXTargetDependency section */
		41A1A5CF297E9FBF004198AF /* PBXTargetDependency */ = {
			isa = PBXTargetDependency;
			target = 41A1A5B3297E9FBE004198AF /* Nasa-APOD */;
			targetProxy = 41A1A5CE297E9FBF004198AF /* PBXContainerItemProxy */;
		};
		41A1A5D9297E9FBF004198AF /* PBXTargetDependency */ = {
			isa = PBXTargetDependency;
			target = 41A1A5B3297E9FBE004198AF /* Nasa-APOD */;
			targetProxy = 41A1A5D8297E9FBF004198AF /* PBXContainerItemProxy */;
		};
/* End PBXTargetDependency section */

/* Begin PBXVariantGroup section */
		41A1A5BD297E9FBE004198AF /* Main.storyboard */ = {
			isa = PBXVariantGroup;
			children = (
				41A1A5BE297E9FBE004198AF /* Base */,
			);
			name = Main.storyboard;
			sourceTree = "<group>";
		};
		41A1A5C5297E9FBF004198AF /* LaunchScreen.storyboard */ = {
			isa = PBXVariantGroup;
			children = (
				41A1A5C6297E9FBF004198AF /* Base */,
			);
			name = LaunchScreen.storyboard;
			sourceTree = "<group>";
		};
/* End PBXVariantGroup section */

/* Begin XCBuildConfiguration section */
		41A1A5DF297E9FBF004198AF /* Debug */ = {
			isa = XCBuildConfiguration;
			buildSettings = {
				ALWAYS_SEARCH_USER_PATHS = NO;
				CLANG_ANALYZER_NONNULL = YES;
				CLANG_ANALYZER_NUMBER_OBJECT_CONVERSION = YES_AGGRESSIVE;
				CLANG_CXX_LANGUAGE_STANDARD = "gnu++20";
				CLANG_ENABLE_MODULES = YES;
				CLANG_ENABLE_OBJC_ARC = YES;
				CLANG_ENABLE_OBJC_WEAK = YES;
				CLANG_WARN_BLOCK_CAPTURE_AUTORELEASING = YES;
				CLANG_WARN_BOOL_CONVERSION = YES;
				CLANG_WARN_COMMA = YES;
				CLANG_WARN_CONSTANT_CONVERSION = YES;
				CLANG_WARN_DEPRECATED_OBJC_IMPLEMENTATIONS = YES;
				CLANG_WARN_DIRECT_OBJC_ISA_USAGE = YES_ERROR;
				CLANG_WARN_DOCUMENTATION_COMMENTS = YES;
				CLANG_WARN_EMPTY_BODY = YES;
				CLANG_WARN_ENUM_CONVERSION = YES;
				CLANG_WARN_INFINITE_RECURSION = YES;
				CLANG_WARN_INT_CONVERSION = YES;
				CLANG_WARN_NON_LITERAL_NULL_CONVERSION = YES;
				CLANG_WARN_OBJC_IMPLICIT_RETAIN_SELF = YES;
				CLANG_WARN_OBJC_LITERAL_CONVERSION = YES;
				CLANG_WARN_OBJC_ROOT_CLASS = YES_ERROR;
				CLANG_WARN_QUOTED_INCLUDE_IN_FRAMEWORK_HEADER = YES;
				CLANG_WARN_RANGE_LOOP_ANALYSIS = YES;
				CLANG_WARN_STRICT_PROTOTYPES = YES;
				CLANG_WARN_SUSPICIOUS_MOVE = YES;
				CLANG_WARN_UNGUARDED_AVAILABILITY = YES_AGGRESSIVE;
				CLANG_WARN_UNREACHABLE_CODE = YES;
				CLANG_WARN__DUPLICATE_METHOD_MATCH = YES;
				COPY_PHASE_STRIP = NO;
				DEBUG_INFORMATION_FORMAT = dwarf;
				ENABLE_STRICT_OBJC_MSGSEND = YES;
				ENABLE_TESTABILITY = YES;
				GCC_C_LANGUAGE_STANDARD = gnu11;
				GCC_DYNAMIC_NO_PIC = NO;
				GCC_NO_COMMON_BLOCKS = YES;
				GCC_OPTIMIZATION_LEVEL = 0;
				GCC_PREPROCESSOR_DEFINITIONS = (
					"DEBUG=1",
					"$(inherited)",
				);
				GCC_WARN_64_TO_32_BIT_CONVERSION = YES;
				GCC_WARN_ABOUT_RETURN_TYPE = YES_ERROR;
				GCC_WARN_UNDECLARED_SELECTOR = YES;
				GCC_WARN_UNINITIALIZED_AUTOS = YES_AGGRESSIVE;
				GCC_WARN_UNUSED_FUNCTION = YES;
				GCC_WARN_UNUSED_VARIABLE = YES;
				IPHONEOS_DEPLOYMENT_TARGET = 16.2;
				MTL_ENABLE_DEBUG_INFO = INCLUDE_SOURCE;
				MTL_FAST_MATH = YES;
				ONLY_ACTIVE_ARCH = YES;
				SDKROOT = iphoneos;
				SWIFT_ACTIVE_COMPILATION_CONDITIONS = DEBUG;
				SWIFT_OPTIMIZATION_LEVEL = "-Onone";
			};
			name = Debug;
		};
		41A1A5E0297E9FBF004198AF /* Release */ = {
			isa = XCBuildConfiguration;
			buildSettings = {
				ALWAYS_SEARCH_USER_PATHS = NO;
				CLANG_ANALYZER_NONNULL = YES;
				CLANG_ANALYZER_NUMBER_OBJECT_CONVERSION = YES_AGGRESSIVE;
				CLANG_CXX_LANGUAGE_STANDARD = "gnu++20";
				CLANG_ENABLE_MODULES = YES;
				CLANG_ENABLE_OBJC_ARC = YES;
				CLANG_ENABLE_OBJC_WEAK = YES;
				CLANG_WARN_BLOCK_CAPTURE_AUTORELEASING = YES;
				CLANG_WARN_BOOL_CONVERSION = YES;
				CLANG_WARN_COMMA = YES;
				CLANG_WARN_CONSTANT_CONVERSION = YES;
				CLANG_WARN_DEPRECATED_OBJC_IMPLEMENTATIONS = YES;
				CLANG_WARN_DIRECT_OBJC_ISA_USAGE = YES_ERROR;
				CLANG_WARN_DOCUMENTATION_COMMENTS = YES;
				CLANG_WARN_EMPTY_BODY = YES;
				CLANG_WARN_ENUM_CONVERSION = YES;
				CLANG_WARN_INFINITE_RECURSION = YES;
				CLANG_WARN_INT_CONVERSION = YES;
				CLANG_WARN_NON_LITERAL_NULL_CONVERSION = YES;
				CLANG_WARN_OBJC_IMPLICIT_RETAIN_SELF = YES;
				CLANG_WARN_OBJC_LITERAL_CONVERSION = YES;
				CLANG_WARN_OBJC_ROOT_CLASS = YES_ERROR;
				CLANG_WARN_QUOTED_INCLUDE_IN_FRAMEWORK_HEADER = YES;
				CLANG_WARN_RANGE_LOOP_ANALYSIS = YES;
				CLANG_WARN_STRICT_PROTOTYPES = YES;
				CLANG_WARN_SUSPICIOUS_MOVE = YES;
				CLANG_WARN_UNGUARDED_AVAILABILITY = YES_AGGRESSIVE;
				CLANG_WARN_UNREACHABLE_CODE = YES;
				CLANG_WARN__DUPLICATE_METHOD_MATCH = YES;
				COPY_PHASE_STRIP = NO;
				DEBUG_INFORMATION_FORMAT = "dwarf-with-dsym";
				ENABLE_NS_ASSERTIONS = NO;
				ENABLE_STRICT_OBJC_MSGSEND = YES;
				GCC_C_LANGUAGE_STANDARD = gnu11;
				GCC_NO_COMMON_BLOCKS = YES;
				GCC_WARN_64_TO_32_BIT_CONVERSION = YES;
				GCC_WARN_ABOUT_RETURN_TYPE = YES_ERROR;
				GCC_WARN_UNDECLARED_SELECTOR = YES;
				GCC_WARN_UNINITIALIZED_AUTOS = YES_AGGRESSIVE;
				GCC_WARN_UNUSED_FUNCTION = YES;
				GCC_WARN_UNUSED_VARIABLE = YES;
				IPHONEOS_DEPLOYMENT_TARGET = 16.2;
				MTL_ENABLE_DEBUG_INFO = NO;
				MTL_FAST_MATH = YES;
				SDKROOT = iphoneos;
				SWIFT_COMPILATION_MODE = wholemodule;
				SWIFT_OPTIMIZATION_LEVEL = "-O";
				VALIDATE_PRODUCT = YES;
			};
			name = Release;
		};
		41A1A5E2297E9FBF004198AF /* Debug */ = {
			isa = XCBuildConfiguration;
			buildSettings = {
				ASSETCATALOG_COMPILER_APPICON_NAME = AppIcon;
				ASSETCATALOG_COMPILER_GLOBAL_ACCENT_COLOR_NAME = AccentColor;
				CODE_SIGN_STYLE = Automatic;
				CURRENT_PROJECT_VERSION = 1;
				GENERATE_INFOPLIST_FILE = YES;
				INFOPLIST_FILE = "Nasa-APOD/Info.plist";
				INFOPLIST_KEY_UIApplicationSupportsIndirectInputEvents = YES;
				INFOPLIST_KEY_UILaunchStoryboardName = LaunchScreen;
				INFOPLIST_KEY_UIMainStoryboardFile = Main;
				INFOPLIST_KEY_UISupportedInterfaceOrientations_iPad = "UIInterfaceOrientationPortrait UIInterfaceOrientationPortraitUpsideDown UIInterfaceOrientationLandscapeLeft UIInterfaceOrientationLandscapeRight";
				INFOPLIST_KEY_UISupportedInterfaceOrientations_iPhone = "UIInterfaceOrientationPortrait UIInterfaceOrientationLandscapeLeft UIInterfaceOrientationLandscapeRight";
				IPHONEOS_DEPLOYMENT_TARGET = 15.5;
				LD_RUNPATH_SEARCH_PATHS = (
					"$(inherited)",
					"@executable_path/Frameworks",
				);
				MARKETING_VERSION = 1.0;
				PRODUCT_BUNDLE_IDENTIFIER = "Bhaskar.Nasa-APOD";
				PRODUCT_NAME = "$(TARGET_NAME)";
				SWIFT_EMIT_LOC_STRINGS = YES;
				SWIFT_VERSION = 5.0;
				TARGETED_DEVICE_FAMILY = "1,2";
			};
			name = Debug;
		};
		41A1A5E3297E9FBF004198AF /* Release */ = {
			isa = XCBuildConfiguration;
			buildSettings = {
				ASSETCATALOG_COMPILER_APPICON_NAME = AppIcon;
				ASSETCATALOG_COMPILER_GLOBAL_ACCENT_COLOR_NAME = AccentColor;
				CODE_SIGN_STYLE = Automatic;
				CURRENT_PROJECT_VERSION = 1;
				GENERATE_INFOPLIST_FILE = YES;
				INFOPLIST_FILE = "Nasa-APOD/Info.plist";
				INFOPLIST_KEY_UIApplicationSupportsIndirectInputEvents = YES;
				INFOPLIST_KEY_UILaunchStoryboardName = LaunchScreen;
				INFOPLIST_KEY_UIMainStoryboardFile = Main;
				INFOPLIST_KEY_UISupportedInterfaceOrientations_iPad = "UIInterfaceOrientationPortrait UIInterfaceOrientationPortraitUpsideDown UIInterfaceOrientationLandscapeLeft UIInterfaceOrientationLandscapeRight";
				INFOPLIST_KEY_UISupportedInterfaceOrientations_iPhone = "UIInterfaceOrientationPortrait UIInterfaceOrientationLandscapeLeft UIInterfaceOrientationLandscapeRight";
				IPHONEOS_DEPLOYMENT_TARGET = 15.5;
				LD_RUNPATH_SEARCH_PATHS = (
					"$(inherited)",
					"@executable_path/Frameworks",
				);
				MARKETING_VERSION = 1.0;
				PRODUCT_BUNDLE_IDENTIFIER = "Bhaskar.Nasa-APOD";
				PRODUCT_NAME = "$(TARGET_NAME)";
				SWIFT_EMIT_LOC_STRINGS = YES;
				SWIFT_VERSION = 5.0;
				TARGETED_DEVICE_FAMILY = "1,2";
			};
			name = Release;
		};
		41A1A5E5297E9FBF004198AF /* Debug */ = {
			isa = XCBuildConfiguration;
			buildSettings = {
				ALWAYS_EMBED_SWIFT_STANDARD_LIBRARIES = YES;
				BUNDLE_LOADER = "$(TEST_HOST)";
				CODE_SIGN_STYLE = Automatic;
				CURRENT_PROJECT_VERSION = 1;
				GENERATE_INFOPLIST_FILE = YES;
				IPHONEOS_DEPLOYMENT_TARGET = 16.2;
				MARKETING_VERSION = 1.0;
				PRODUCT_BUNDLE_IDENTIFIER = "Bhaskar.Nasa-APODTests";
				PRODUCT_NAME = "$(TARGET_NAME)";
				SWIFT_EMIT_LOC_STRINGS = NO;
				SWIFT_VERSION = 5.0;
				TARGETED_DEVICE_FAMILY = "1,2";
				TEST_HOST = "$(BUILT_PRODUCTS_DIR)/Nasa-APOD.app/$(BUNDLE_EXECUTABLE_FOLDER_PATH)/Nasa-APOD";
			};
			name = Debug;
		};
		41A1A5E6297E9FBF004198AF /* Release */ = {
			isa = XCBuildConfiguration;
			buildSettings = {
				ALWAYS_EMBED_SWIFT_STANDARD_LIBRARIES = YES;
				BUNDLE_LOADER = "$(TEST_HOST)";
				CODE_SIGN_STYLE = Automatic;
				CURRENT_PROJECT_VERSION = 1;
				GENERATE_INFOPLIST_FILE = YES;
				IPHONEOS_DEPLOYMENT_TARGET = 16.2;
				MARKETING_VERSION = 1.0;
				PRODUCT_BUNDLE_IDENTIFIER = "Bhaskar.Nasa-APODTests";
				PRODUCT_NAME = "$(TARGET_NAME)";
				SWIFT_EMIT_LOC_STRINGS = NO;
				SWIFT_VERSION = 5.0;
				TARGETED_DEVICE_FAMILY = "1,2";
				TEST_HOST = "$(BUILT_PRODUCTS_DIR)/Nasa-APOD.app/$(BUNDLE_EXECUTABLE_FOLDER_PATH)/Nasa-APOD";
			};
			name = Release;
		};
		41A1A5E8297E9FBF004198AF /* Debug */ = {
			isa = XCBuildConfiguration;
			buildSettings = {
				ALWAYS_EMBED_SWIFT_STANDARD_LIBRARIES = YES;
				CODE_SIGN_STYLE = Automatic;
				CURRENT_PROJECT_VERSION = 1;
				GENERATE_INFOPLIST_FILE = YES;
				MARKETING_VERSION = 1.0;
				PRODUCT_BUNDLE_IDENTIFIER = "Bhaskar.Nasa-APODUITests";
				PRODUCT_NAME = "$(TARGET_NAME)";
				SWIFT_EMIT_LOC_STRINGS = NO;
				SWIFT_VERSION = 5.0;
				TARGETED_DEVICE_FAMILY = "1,2";
				TEST_TARGET_NAME = "Nasa-APOD";
			};
			name = Debug;
		};
		41A1A5E9297E9FBF004198AF /* Release */ = {
			isa = XCBuildConfiguration;
			buildSettings = {
				ALWAYS_EMBED_SWIFT_STANDARD_LIBRARIES = YES;
				CODE_SIGN_STYLE = Automatic;
				CURRENT_PROJECT_VERSION = 1;
				GENERATE_INFOPLIST_FILE = YES;
				MARKETING_VERSION = 1.0;
				PRODUCT_BUNDLE_IDENTIFIER = "Bhaskar.Nasa-APODUITests";
				PRODUCT_NAME = "$(TARGET_NAME)";
				SWIFT_EMIT_LOC_STRINGS = NO;
				SWIFT_VERSION = 5.0;
				TARGETED_DEVICE_FAMILY = "1,2";
				TEST_TARGET_NAME = "Nasa-APOD";
			};
			name = Release;
		};
/* End XCBuildConfiguration section */

/* Begin XCConfigurationList section */
		41A1A5AF297E9FBE004198AF /* Build configuration list for PBXProject "Nasa-APOD" */ = {
			isa = XCConfigurationList;
			buildConfigurations = (
				41A1A5DF297E9FBF004198AF /* Debug */,
				41A1A5E0297E9FBF004198AF /* Release */,
			);
			defaultConfigurationIsVisible = 0;
			defaultConfigurationName = Release;
		};
		41A1A5E1297E9FBF004198AF /* Build configuration list for PBXNativeTarget "Nasa-APOD" */ = {
			isa = XCConfigurationList;
			buildConfigurations = (
				41A1A5E2297E9FBF004198AF /* Debug */,
				41A1A5E3297E9FBF004198AF /* Release */,
			);
			defaultConfigurationIsVisible = 0;
			defaultConfigurationName = Release;
		};
		41A1A5E4297E9FBF004198AF /* Build configuration list for PBXNativeTarget "Nasa-APODTests" */ = {
			isa = XCConfigurationList;
			buildConfigurations = (
				41A1A5E5297E9FBF004198AF /* Debug */,
				41A1A5E6297E9FBF004198AF /* Release */,
			);
			defaultConfigurationIsVisible = 0;
			defaultConfigurationName = Release;
		};
		41A1A5E7297E9FBF004198AF /* Build configuration list for PBXNativeTarget "Nasa-APODUITests" */ = {
			isa = XCConfigurationList;
			buildConfigurations = (
				41A1A5E8297E9FBF004198AF /* Debug */,
				41A1A5E9297E9FBF004198AF /* Release */,
			);
			defaultConfigurationIsVisible = 0;
			defaultConfigurationName = Release;
		};
/* End XCConfigurationList section */

/* Begin XCVersionGroup section */
		41A1A5C0297E9FBE004198AF /* Nasa_APOD.xcdatamodeld */ = {
			isa = XCVersionGroup;
			children = (
				41A1A5C1297E9FBE004198AF /* Nasa_APOD.xcdatamodel */,
			);
			currentVersion = 41A1A5C1297E9FBE004198AF /* Nasa_APOD.xcdatamodel */;
			path = Nasa_APOD.xcdatamodeld;
			sourceTree = "<group>";
			versionGroupType = wrapper.xcdatamodel;
		};
/* End XCVersionGroup section */
	};
	rootObject = 41A1A5AC297E9FBE004198AF /* Project object */;
}
